# THIS IS AN AUTOGENERATED FILE. DO NOT EDIT THIS FILE DIRECTLY.
# yarn lockfile v1


chance@^1.0.16:
  version "1.0.16"
  resolved "http://registry.npm.taobao.org/chance/download/chance-1.0.16.tgz#bd61912716b0010c3dca8e3948a960efcaa7bb1b"

split@^1.0.1:
  version "1.0.1"
  resolved "http://registry.npm.taobao.org/split/download/split-1.0.1.tgz#605bd9be303aa59fb35f9229fbea0ddec9ea07d9"
  dependencies:
    through "2"

through@2:
  version "2.3.8"
  resolved "http://registry.npm.taobao.org/through/download/through-2.3.8.tgz#0dd4c9ffaabc357960b1b724115d7e0e86a2e1f5"
